
Microsoft Visual Studio Solution File, Format Version 12.00
# Visual Studio Version 16
VisualStudioVersion = 16.0.29123.88
MinimumVisualStudioVersion = 10.0.40219.1
Project("{FAE04EC0-301F-11D3-BF4B-00C04F79EFBC}") = "BitbucketSearch", "BitbucketSearch\BitbucketSearch.csproj", "{973264A4-5345-4886-9CDA-DA1CE3D9A091}"
EndProject
Global
	GlobalSection(SolutionConfigurationPlatforms) = preSolution
		Debug|Any CPU = Debug|Any CPU
		Release|Any CPU = Release|Any CPU
	EndGlobalSection
	GlobalSection(ProjectConfigurationPlatforms) = postSolution
		{973264A4-5345-4886-9CDA-DA1CE3D9A091}.Debug|Any CPU.ActiveCfg = Debug|Any CPU
		{973264A4-5345-4886-9CDA-DA1CE3D9A091}.Debug|Any CPU.Build.0 = Debug|Any CPU
		{973264A4-5345-4886-9CDA-DA1CE3D9A091}.Release|Any CPU.ActiveCfg = Release|Any CPU
		{973264A4-5345-4886-9CDA-DA1CE3D9A091}.Release|Any CPU.Build.0 = Release|Any CPU
	EndGlobalSection
	GlobalSection(SolutionProperties) = preSolution
		HideSolutionNode = FALSE
	EndGlobalSection
	GlobalSection(ExtensibilityGlobals) = postSolution
		SolutionGuid = {3105D6A1-44E0-4E2B-B966-86C050155429}
	EndGlobalSection
EndGlobal
